
Microsoft Visual Studio Solution File, Format Version 12.00
# Visual Studio Version 16
VisualStudioVersion = 16.0.29728.190
MinimumVisualStudioVersion = 10.0.40219.1
Project("{FAE04EC0-301F-11D3-BF4B-00C04F79EFBC}") = "tryCatch", "tryCatch\tryCatch.csproj", "{A21DDA19-A67F-45E8-B19B-B53BD25FA070}"
EndProject
Global
	GlobalSection(SolutionConfigurationPlatforms) = preSolution
		Debug|Any CPU = Debug|Any CPU
		Release|Any CPU = Release|Any CPU
	EndGlobalSection
	GlobalSection(ProjectConfigurationPlatforms) = postSolution
		{A21DDA19-A67F-45E8-B19B-B53BD25FA070}.Debug|Any CPU.ActiveCfg = Debug|Any CPU
		{A21DDA19-A67F-45E8-B19B-B53BD25FA070}.Debug|Any CPU.Build.0 = Debug|Any CPU
		{A21DDA19-A67F-45E8-B19B-B53BD25FA070}.Release|Any CPU.ActiveCfg = Release|Any CPU
		{A21DDA19-A67F-45E8-B19B-B53BD25FA070}.Release|Any CPU.Build.0 = Release|Any CPU
	EndGlobalSection
	GlobalSection(SolutionProperties) = preSolution
		HideSolutionNode = FALSE
	EndGlobalSection
	GlobalSection(ExtensibilityGlobals) = postSolution
		SolutionGuid = {FC189AC7-7056-4939-894A-95D880CC3D60}
	EndGlobalSection
EndGlobal
